
Microsoft Visual Studio Solution File, Format Version 12.00
# Visual Studio Version 17
VisualStudioVersion = 17.14.36429.23 d17.14
MinimumVisualStudioVersion = 10.0.40219.1
Project("{FAE04EC0-301F-11D3-BF4B-00C04F79EFBC}") = "ClassLibrary1", "ClassLibrary1\ClassLibrary1.csproj", "{3C5826D9-A245-4F03-BA1D-7C8B74404E94}"
EndProject
Project("{FAE04EC0-301F-11D3-BF4B-00C04F79EFBC}") = "TestProject1", "TestProject1\TestProject1.csproj", "{340E668A-EB2E-40FA-86DF-4194E89321FD}"
EndProject
Global
	GlobalSection(SolutionConfigurationPlatforms) = preSolution
		Debug|Any CPU = Debug|Any CPU
		Release|Any CPU = Release|Any CPU
	EndGlobalSection
	GlobalSection(ProjectConfigurationPlatforms) = postSolution
		{3C5826D9-A245-4F03-BA1D-7C8B74404E94}.Debug|Any CPU.ActiveCfg = Debug|Any CPU
		{3C5826D9-A245-4F03-BA1D-7C8B74404E94}.Debug|Any CPU.Build.0 = Debug|Any CPU
		{3C5826D9-A245-4F03-BA1D-7C8B74404E94}.Release|Any CPU.ActiveCfg = Release|Any CPU
		{3C5826D9-A245-4F03-BA1D-7C8B74404E94}.Release|Any CPU.Build.0 = Release|Any CPU
		{340E668A-EB2E-40FA-86DF-4194E89321FD}.Debug|Any CPU.ActiveCfg = Debug|Any CPU
		{340E668A-EB2E-40FA-86DF-4194E89321FD}.Debug|Any CPU.Build.0 = Debug|Any CPU
		{340E668A-EB2E-40FA-86DF-4194E89321FD}.Release|Any CPU.ActiveCfg = Release|Any CPU
		{340E668A-EB2E-40FA-86DF-4194E89321FD}.Release|Any CPU.Build.0 = Release|Any CPU
	EndGlobalSection
	GlobalSection(SolutionProperties) = preSolution
		HideSolutionNode = FALSE
	EndGlobalSection
	GlobalSection(ExtensibilityGlobals) = postSolution
		SolutionGuid = {D912C07A-35F3-4762-8D22-0F9F0D40AE88}
	EndGlobalSection
EndGlobal
